github.com/apparentlymart/go-textseg/v15 v15.0.0 h1:uYvfpb3DyLSCGWnctWKGj857c6ew1u1fNQOlOtuGxQY=
github.com/apparentlymart/go-textseg/v15 v15.0.0/go.mod h1:K8XmNZdhEBkdlyDdvbmmsvpAG721bKi0joRfFdHIWJ4=
github.com/apparentlymart/go-textseg/v17 v17.0.0 h1:E/JwcVlQDM7v1L12mnVkJsbN6t50/XVzXWZI1HwWsI4=
github.com/apparentlymart/go-textseg/v17 v17.0.0/go.mod h1:fa8X4jgGeevslICIY6LcdjkSecWnXmYd9Lk34z/VxZs=
